
Microsoft Visual Studio Solution File, Format Version 12.00
# Visual Studio 15
VisualStudioVersion = 15.0.28307.421
MinimumVisualStudioVersion = 10.0.40219.1
Project("{9A19103F-16F7-4668-BE54-9A1E7A4F7556}") = "Czar.Cms.Site", "Czar.cms\Czar.Cms.Site.csproj", "{99960A3A-2FE3-4CF5-9D93-B19DAA2B9DB1}"
EndProject
Project("{2150E333-8FDC-42A3-9474-1A3956D46DE8}") = "UI", "UI", "{033142B5-E72E-49DB-93E4-8D3EFC8DB73B}"
EndProject
Project("{9A19103F-16F7-4668-BE54-9A1E7A4F7556}") = "Czar.Cms.Admin", "Czar.Cms.Admin\Czar.Cms.Admin.csproj", "{301998F5-7870-478F-8F50-F70C24F7AF02}"
EndProject
Project("{2150E333-8FDC-42A3-9474-1A3956D46DE8}") = "Application", "Application", "{5DE8E157-1A2E-4FE1-B9FF-DC31BCE28A95}"
EndProject
Project("{9A19103F-16F7-4668-BE54-9A1E7A4F7556}") = "Czar.Cms.IServices", "Czar.Cms.IServices\Czar.Cms.IServices.csproj", "{66903F3E-40BC-4092-AB50-3368B4E4F01E}"
EndProject
Project("{9A19103F-16F7-4668-BE54-9A1E7A4F7556}") = "Czar.Cms.Services", "Czar.Cms.Services\Czar.Cms.Services.csproj", "{BDC5D268-5A29-4DAF-B627-C3529FE865D6}"
EndProject
Project("{2150E333-8FDC-42A3-9474-1A3956D46DE8}") = "Repositonry", "Repositonry", "{178D7923-8166-4B4E-A6B0-B5B9C2A32B31}"
EndProject
Project("{9A19103F-16F7-4668-BE54-9A1E7A4F7556}") = "Czar.Cms.IRepositonry", "Czar.Cms.IRepositonry\Czar.Cms.IRepositonry.csproj", "{380E4318-BA22-4C79-9AFD-C9ED8E5B24DF}"
EndProject
Project("{9A19103F-16F7-4668-BE54-9A1E7A4F7556}") = "Czar.Cms.IRepositonry.MySQL", "Czar.Cms.IRepositonry.MySQL\Czar.Cms.IRepositonry.MySQL.csproj", "{BCD98BEE-8368-42AE-808F-A4432662F56E}"
EndProject
Project("{2150E333-8FDC-42A3-9474-1A3956D46DE8}") = "Entity", "Entity", "{BD325BD1-C0A1-456F-90D3-EE6293D2FAB5}"
EndProject
Project("{FAE04EC0-301F-11D3-BF4B-00C04F79EFBC}") = "Czar.Cms.Models", "Czar.Cms.Model\Czar.Cms.Models.csproj", "{1F7ADC91-DC98-43EE-959B-01B096788DB5}"
EndProject
Project("{9A19103F-16F7-4668-BE54-9A1E7A4F7556}") = "Czar.Cms.ViewModels", "Czar.Cms.ViewModels\Czar.Cms.ViewModels.csproj", "{8E6F1495-E89A-4347-9E31-EC77B228D7C2}"
EndProject
Project("{2150E333-8FDC-42A3-9474-1A3956D46DE8}") = "Infrastructure", "Infrastructure", "{8309C5E9-21D1-4808-896C-E9243CEE4FB7}"
EndProject
Project("{9A19103F-16F7-4668-BE54-9A1E7A4F7556}") = "Czar.Cms.Core", "Czar.Cms.Core\Czar.Cms.Core.csproj", "{A7079F91-D45E-41BF-A494-96BEBECC6A9F}"
EndProject
Project("{2150E333-8FDC-42A3-9474-1A3956D46DE8}") = "Test", "Test", "{362FA826-C056-4BA5-A815-8DE829C5043E}"
EndProject
Project("{9A19103F-16F7-4668-BE54-9A1E7A4F7556}") = "Czar.Cms.Test", "Czar.Cms.Test\Czar.Cms.Test.csproj", "{BE46C8A8-36AA-4F24-B010-90A5001CFF8A}"
EndProject
Project("{FAE04EC0-301F-11D3-BF4B-00C04F79EFBC}") = "Czar.Cms.Test1", "Czar.Cms.Test1\Czar.Cms.Test1.csproj", "{D963505D-0CB2-49F3-9785-9CAA689E56B3}"
EndProject
Global
	GlobalSection(SolutionConfigurationPlatforms) = preSolution
		Debug|Any CPU = Debug|Any CPU
		Release|Any CPU = Release|Any CPU
	EndGlobalSection
	GlobalSection(ProjectConfigurationPlatforms) = postSolution
		{99960A3A-2FE3-4CF5-9D93-B19DAA2B9DB1}.Debug|Any CPU.ActiveCfg = Debug|Any CPU
		{99960A3A-2FE3-4CF5-9D93-B19DAA2B9DB1}.Debug|Any CPU.Build.0 = Debug|Any CPU
		{99960A3A-2FE3-4CF5-9D93-B19DAA2B9DB1}.Release|Any CPU.ActiveCfg = Release|Any CPU
		{99960A3A-2FE3-4CF5-9D93-B19DAA2B9DB1}.Release|Any CPU.Build.0 = Release|Any CPU
		{301998F5-7870-478F-8F50-F70C24F7AF02}.Debug|Any CPU.ActiveCfg = Debug|Any CPU
		{301998F5-7870-478F-8F50-F70C24F7AF02}.Debug|Any CPU.Build.0 = Debug|Any CPU
		{301998F5-7870-478F-8F50-F70C24F7AF02}.Release|Any CPU.ActiveCfg = Release|Any CPU
		{301998F5-7870-478F-8F50-F70C24F7AF02}.Release|Any CPU.Build.0 = Release|Any CPU
		{66903F3E-40BC-4092-AB50-3368B4E4F01E}.Debug|Any CPU.ActiveCfg = Debug|Any CPU
		{66903F3E-40BC-4092-AB50-3368B4E4F01E}.Debug|Any CPU.Build.0 = Debug|Any CPU
		{66903F3E-40BC-4092-AB50-3368B4E4F01E}.Release|Any CPU.ActiveCfg = Release|Any CPU
		{66903F3E-40BC-4092-AB50-3368B4E4F01E}.Release|Any CPU.Build.0 = Release|Any CPU
		{BDC5D268-5A29-4DAF-B627-C3529FE865D6}.Debug|Any CPU.ActiveCfg = Debug|Any CPU
		{BDC5D268-5A29-4DAF-B627-C3529FE865D6}.Debug|Any CPU.Build.0 = Debug|Any CPU
		{BDC5D268-5A29-4DAF-B627-C3529FE865D6}.Release|Any CPU.ActiveCfg = Release|Any CPU
		{BDC5D268-5A29-4DAF-B627-C3529FE865D6}.Release|Any CPU.Build.0 = Release|Any CPU
		{380E4318-BA22-4C79-9AFD-C9ED8E5B24DF}.Debug|Any CPU.ActiveCfg = Debug|Any CPU
		{380E4318-BA22-4C79-9AFD-C9ED8E5B24DF}.Debug|Any CPU.Build.0 = Debug|Any CPU
		{380E4318-BA22-4C79-9AFD-C9ED8E5B24DF}.Release|Any CPU.ActiveCfg = Release|Any CPU
		{380E4318-BA22-4C79-9AFD-C9ED8E5B24DF}.Release|Any CPU.Build.0 = Release|Any CPU
		{BCD98BEE-8368-42AE-808F-A4432662F56E}.Debug|Any CPU.ActiveCfg = Debug|Any CPU
		{BCD98BEE-8368-42AE-808F-A4432662F56E}.Debug|Any CPU.Build.0 = Debug|Any CPU
		{BCD98BEE-8368-42AE-808F-A4432662F56E}.Release|Any CPU.ActiveCfg = Release|Any CPU
		{BCD98BEE-8368-42AE-808F-A4432662F56E}.Release|Any CPU.Build.0 = Release|Any CPU
		{1F7ADC91-DC98-43EE-959B-01B096788DB5}.Debug|Any CPU.ActiveCfg = Debug|Any CPU
		{1F7ADC91-DC98-43EE-959B-01B096788DB5}.Debug|Any CPU.Build.0 = Debug|Any CPU
		{1F7ADC91-DC98-43EE-959B-01B096788DB5}.Release|Any CPU.ActiveCfg = Release|Any CPU
		{1F7ADC91-DC98-43EE-959B-01B096788DB5}.Release|Any CPU.Build.0 = Release|Any CPU
		{8E6F1495-E89A-4347-9E31-EC77B228D7C2}.Debug|Any CPU.ActiveCfg = Debug|Any CPU
		{8E6F1495-E89A-4347-9E31-EC77B228D7C2}.Debug|Any CPU.Build.0 = Debug|Any CPU
		{8E6F1495-E89A-4347-9E31-EC77B228D7C2}.Release|Any CPU.ActiveCfg = Release|Any CPU
		{8E6F1495-E89A-4347-9E31-EC77B228D7C2}.Release|Any CPU.Build.0 = Release|Any CPU
		{A7079F91-D45E-41BF-A494-96BEBECC6A9F}.Debug|Any CPU.ActiveCfg = Debug|Any CPU
		{A7079F91-D45E-41BF-A494-96BEBECC6A9F}.Debug|Any CPU.Build.0 = Debug|Any CPU
		{A7079F91-D45E-41BF-A494-96BEBECC6A9F}.Release|Any CPU.ActiveCfg = Release|Any CPU
		{A7079F91-D45E-41BF-A494-96BEBECC6A9F}.Release|Any CPU.Build.0 = Release|Any CPU
		{BE46C8A8-36AA-4F24-B010-90A5001CFF8A}.Debug|Any CPU.ActiveCfg = Debug|Any CPU
		{BE46C8A8-36AA-4F24-B010-90A5001CFF8A}.Debug|Any CPU.Build.0 = Debug|Any CPU
		{BE46C8A8-36AA-4F24-B010-90A5001CFF8A}.Release|Any CPU.ActiveCfg = Release|Any CPU
		{BE46C8A8-36AA-4F24-B010-90A5001CFF8A}.Release|Any CPU.Build.0 = Release|Any CPU
		{D963505D-0CB2-49F3-9785-9CAA689E56B3}.Debug|Any CPU.ActiveCfg = Debug|Any CPU
		{D963505D-0CB2-49F3-9785-9CAA689E56B3}.Debug|Any CPU.Build.0 = Debug|Any CPU
		{D963505D-0CB2-49F3-9785-9CAA689E56B3}.Release|Any CPU.ActiveCfg = Release|Any CPU
		{D963505D-0CB2-49F3-9785-9CAA689E56B3}.Release|Any CPU.Build.0 = Release|Any CPU
	EndGlobalSection
	GlobalSection(SolutionProperties) = preSolution
		HideSolutionNode = FALSE
	EndGlobalSection
	GlobalSection(NestedProjects) = preSolution
		{99960A3A-2FE3-4CF5-9D93-B19DAA2B9DB1} = {033142B5-E72E-49DB-93E4-8D3EFC8DB73B}
		{301998F5-7870-478F-8F50-F70C24F7AF02} = {033142B5-E72E-49DB-93E4-8D3EFC8DB73B}
		{66903F3E-40BC-4092-AB50-3368B4E4F01E} = {5DE8E157-1A2E-4FE1-B9FF-DC31BCE28A95}
		{BDC5D268-5A29-4DAF-B627-C3529FE865D6} = {5DE8E157-1A2E-4FE1-B9FF-DC31BCE28A95}
		{380E4318-BA22-4C79-9AFD-C9ED8E5B24DF} = {178D7923-8166-4B4E-A6B0-B5B9C2A32B31}
		{BCD98BEE-8368-42AE-808F-A4432662F56E} = {178D7923-8166-4B4E-A6B0-B5B9C2A32B31}
		{1F7ADC91-DC98-43EE-959B-01B096788DB5} = {BD325BD1-C0A1-456F-90D3-EE6293D2FAB5}
		{8E6F1495-E89A-4347-9E31-EC77B228D7C2} = {BD325BD1-C0A1-456F-90D3-EE6293D2FAB5}
		{A7079F91-D45E-41BF-A494-96BEBECC6A9F} = {8309C5E9-21D1-4808-896C-E9243CEE4FB7}
		{BE46C8A8-36AA-4F24-B010-90A5001CFF8A} = {362FA826-C056-4BA5-A815-8DE829C5043E}
		{D963505D-0CB2-49F3-9785-9CAA689E56B3} = {362FA826-C056-4BA5-A815-8DE829C5043E}
	EndGlobalSection
	GlobalSection(ExtensibilityGlobals) = postSolution
		SolutionGuid = {D7A9B844-E28B-4BA0-8909-BB3FE22662C1}
	EndGlobalSection
EndGlobal
