
Microsoft Visual Studio Solution File, Format Version 12.00
# Visual Studio 15
VisualStudioVersion = 15.0.28307.421
MinimumVisualStudioVersion = 10.0.40219.1
Project("{9A19103F-16F7-4668-BE54-9A1E7A4F7556}") = "Sample05", "Sample05\Sample05.csproj", "{D5A431DA-0DBE-46C8-AA0A-491B9C255944}"
EndProject
Global
	GlobalSection(SolutionConfigurationPlatforms) = preSolution
		Debug|Any CPU = Debug|Any CPU
		Release|Any CPU = Release|Any CPU
	EndGlobalSection
	GlobalSection(ProjectConfigurationPlatforms) = postSolution
		{D5A431DA-0DBE-46C8-AA0A-491B9C255944}.Debug|Any CPU.ActiveCfg = Debug|Any CPU
		{D5A431DA-0DBE-46C8-AA0A-491B9C255944}.Debug|Any CPU.Build.0 = Debug|Any CPU
		{D5A431DA-0DBE-46C8-AA0A-491B9C255944}.Release|Any CPU.ActiveCfg = Release|Any CPU
		{D5A431DA-0DBE-46C8-AA0A-491B9C255944}.Release|Any CPU.Build.0 = Release|Any CPU
	EndGlobalSection
	GlobalSection(SolutionProperties) = preSolution
		HideSolutionNode = FALSE
	EndGlobalSection
	GlobalSection(ExtensibilityGlobals) = postSolution
		SolutionGuid = {73DCBE96-E7A4-4A00-BCA4-72F231EADC32}
	EndGlobalSection
EndGlobal
